// !$*UTF8*$!
{
	archiveVersion = 1;
	classes = {
	};
	objectVersion = 56;
	objects = {

/* Begin PBXBuildFile section */
		881C623029E9B273001F5057 /* (8-Bit) Paradise City- Guns N' Roses.mp3 in Resources */ = {isa = PBXBuildFile; fileRef = 881C622F29E9B273001F5057 /* (8-Bit) Paradise City- Guns N' Roses.mp3 */; };
		881C623729E9B529001F5057 /* soundtrack.mp3 in Resources */ = {isa = PBXBuildFile; fileRef = 881C623929E9B529001F5057 /* soundtrack.mp3 */; };
		8821931529E8721200841026 /* 3@2x.png in Resources */ = {isa = PBXBuildFile; fileRef = 8821930E29E8721200841026 /* 3@2x.png */; };
		8821931629E8721200841026 /* 5@2x.png in Resources */ = {isa = PBXBuildFile; fileRef = 8821930F29E8721200841026 /* 5@2x.png */; };
		8821931729E8721200841026 /* 6@2x.png in Resources */ = {isa = PBXBuildFile; fileRef = 8821931029E8721200841026 /* 6@2x.png */; };
		8821931829E8721200841026 /* 7@2x.png in Resources */ = {isa = PBXBuildFile; fileRef = 8821931129E8721200841026 /* 7@2x.png */; };
		8821931929E8721200841026 /* 4@2x.png in Resources */ = {isa = PBXBuildFile; fileRef = 8821931229E8721200841026 /* 4@2x.png */; };
		8821931A29E8721200841026 /* 2@2x.png in Resources */ = {isa = PBXBuildFile; fileRef = 8821931329E8721200841026 /* 2@2x.png */; };
		8821931B29E8721200841026 /* 8.png in Resources */ = {isa = PBXBuildFile; fileRef = 8821931429E8721200841026 /* 8.png */; };
		8821931D29E8725200841026 /* 1.png in Resources */ = {isa = PBXBuildFile; fileRef = 8821931C29E8725200841026 /* 1.png */; };
		8821931F29E8726200841026 /* explodedmine@3x.png in Resources */ = {isa = PBXBuildFile; fileRef = 8821931E29E8726200841026 /* explodedmine@3x.png */; };
		8821932129E8727000841026 /* mine.png in Resources */ = {isa = PBXBuildFile; fileRef = 8821932029E8727000841026 /* mine.png */; };
		8821932529E8729500841026 /* flag.png in Resources */ = {isa = PBXBuildFile; fileRef = 8821932229E8729500841026 /* flag.png */; };
		8821932629E8729500841026 /* flaggbuttontoggled.png in Resources */ = {isa = PBXBuildFile; fileRef = 8821932329E8729500841026 /* flaggbuttontoggled.png */; };
		8821932729E8729500841026 /* flagbutton.png in Resources */ = {isa = PBXBuildFile; fileRef = 8821932429E8729500841026 /* flagbutton.png */; };
		8821932929E872A200841026 /* wrongflag.png in Resources */ = {isa = PBXBuildFile; fileRef = 8821932829E872A200841026 /* wrongflag.png */; };
		8821932B29E872D100841026 /* blank@2x.png in Resources */ = {isa = PBXBuildFile; fileRef = 8821932A29E872D100841026 /* blank@2x.png */; };
		8836D7A929E8AC1A00668B39 /* SplashViewController.swift in Sources */ = {isa = PBXBuildFile; fileRef = 8836D7A829E8AC1A00668B39 /* SplashViewController.swift */; };
		8836D7AB29E8ACE300668B39 /* MainViewController.swift in Sources */ = {isa = PBXBuildFile; fileRef = 8836D7AA29E8ACE300668B39 /* MainViewController.swift */; };
		8836D7AD29E8B7EC00668B39 /* RecordsViewController.swift in Sources */ = {isa = PBXBuildFile; fileRef = 8836D7AC29E8B7EC00668B39 /* RecordsViewController.swift */; };
		8851C56729D6132400AD94EF /* AppDelegate.swift in Sources */ = {isa = PBXBuildFile; fileRef = 8851C56629D6132400AD94EF /* AppDelegate.swift */; };
		8851C56929D6132400AD94EF /* SceneDelegate.swift in Sources */ = {isa = PBXBuildFile; fileRef = 8851C56829D6132400AD94EF /* SceneDelegate.swift */; };
		8851C56B29D6132400AD94EF /* ViewController.swift in Sources */ = {isa = PBXBuildFile; fileRef = 8851C56A29D6132400AD94EF /* ViewController.swift */; };
		8851C56E29D6132400AD94EF /* Main.storyboard in Resources */ = {isa = PBXBuildFile; fileRef = 8851C56C29D6132400AD94EF /* Main.storyboard */; };
		8851C57029D6132400AD94EF /* Assets.xcassets in Resources */ = {isa = PBXBuildFile; fileRef = 8851C56F29D6132400AD94EF /* Assets.xcassets */; };
		8851C57329D6132400AD94EF /* LaunchScreen.storyboard in Resources */ = {isa = PBXBuildFile; fileRef = 8851C57129D6132400AD94EF /* LaunchScreen.storyboard */; };
		8851C57E29D6132500AD94EF /* BuscaminasV1Tests.swift in Sources */ = {isa = PBXBuildFile; fileRef = 8851C57D29D6132500AD94EF /* BuscaminasV1Tests.swift */; };
		8851C58829D6132500AD94EF /* BuscaminasV1UITests.swift in Sources */ = {isa = PBXBuildFile; fileRef = 8851C58729D6132500AD94EF /* BuscaminasV1UITests.swift */; };
		8851C58A29D6132500AD94EF /* BuscaminasV1UITestsLaunchTests.swift in Sources */ = {isa = PBXBuildFile; fileRef = 8851C58929D6132500AD94EF /* BuscaminasV1UITestsLaunchTests.swift */; };
		8851C59729D6136700AD94EF /* kisspng-microsoft-minesweeper-the-minesweeper-puzzle-video-mines-5abee056d64556.3968232815224587108777 (1).png in Resources */ = {isa = PBXBuildFile; fileRef = 8851C59629D6136700AD94EF /* kisspng-microsoft-minesweeper-the-minesweeper-puzzle-video-mines-5abee056d64556.3968232815224587108777 (1).png */; };
		8851C59929D6155400AD94EF /* btnplay.png in Resources */ = {isa = PBXBuildFile; fileRef = 8851C59829D6155400AD94EF /* btnplay.png */; };
		8851C59B29D615AD00AD94EF /* records.png in Resources */ = {isa = PBXBuildFile; fileRef = 8851C59A29D615AD00AD94EF /* records.png */; };
		887D529229D778600067D26F /* Celdas.swift in Sources */ = {isa = PBXBuildFile; fileRef = 887D529129D778600067D26F /* Celdas.swift */; };
		887D529429D7790B0067D26F /* Buscaminas.swift in Sources */ = {isa = PBXBuildFile; fileRef = 887D529329D7790B0067D26F /* Buscaminas.swift */; };
		887D529829D780660067D26F /* BuscaminasCollectionViewCell.swift in Sources */ = {isa = PBXBuildFile; fileRef = 887D529729D780660067D26F /* BuscaminasCollectionViewCell.swift */; };
		887E26F029D7854B000BC93C /* cellover.png in Resources */ = {isa = PBXBuildFile; fileRef = 887E26EF29D7854B000BC93C /* cellover.png */; };
/* End PBXBuildFile section */

/* Begin PBXContainerItemProxy section */
		8851C57A29D6132500AD94EF /* PBXContainerItemProxy */ = {
			isa = PBXContainerItemProxy;
			containerPortal = 8851C55B29D6132400AD94EF /* Project object */;
			proxyType = 1;
			remoteGlobalIDString = 8851C56229D6132400AD94EF;
			remoteInfo = BuscaminasV1;
		};
		8851C58429D6132500AD94EF /* PBXContainerItemProxy */ = {
			isa = PBXContainerItemProxy;
			containerPortal = 8851C55B29D6132400AD94EF /* Project object */;
			proxyType = 1;
			remoteGlobalIDString = 8851C56229D6132400AD94EF;
			remoteInfo = BuscaminasV1;
		};
/* End PBXContainerItemProxy section */

/* Begin PBXFileReference section */
		881C622F29E9B273001F5057 /* (8-Bit) Paradise City- Guns N' Roses.mp3 */ = {isa = PBXFileReference; lastKnownFileType = audio.mp3; name = "(8-Bit) Paradise City- Guns N' Roses.mp3"; path = "imgs_buscaminitas/(8-Bit) Paradise City- Guns N' Roses.mp3"; sourceTree = SOURCE_ROOT; };
		881C623829E9B529001F5057 /* Base */ = {isa = PBXFileReference; lastKnownFileType = audio.mp3; name = Base; path = Base.lproj/soundtrack.mp3; sourceTree = "<group>"; };
		8821930E29E8721200841026 /* 3@2x.png */ = {isa = PBXFileReference; lastKnownFileType = image.png; name = "3@2x.png"; path = "imgs_buscaminitas/3@2x.png"; sourceTree = SOURCE_ROOT; };
		8821930F29E8721200841026 /* 5@2x.png */ = {isa = PBXFileReference; lastKnownFileType = image.png; name = "5@2x.png"; path = "imgs_buscaminitas/5@2x.png"; sourceTree = SOURCE_ROOT; };
		8821931029E8721200841026 /* 6@2x.png */ = {isa = PBXFileReference; lastKnownFileType = image.png; name = "6@2x.png"; path = "imgs_buscaminitas/6@2x.png"; sourceTree = SOURCE_ROOT; };
		8821931129E8721200841026 /* 7@2x.png */ = {isa = PBXFileReference; lastKnownFileType = image.png; name = "7@2x.png"; path = "imgs_buscaminitas/7@2x.png"; sourceTree = SOURCE_ROOT; };
		8821931229E8721200841026 /* 4@2x.png */ = {isa = PBXFileReference; lastKnownFileType = image.png; name = "4@2x.png"; path = "imgs_buscaminitas/4@2x.png"; sourceTree = SOURCE_ROOT; };
		8821931329E8721200841026 /* 2@2x.png */ = {isa = PBXFileReference; lastKnownFileType = image.png; name = "2@2x.png"; path = "imgs_buscaminitas/2@2x.png"; sourceTree = SOURCE_ROOT; };
		8821931429E8721200841026 /* 8.png */ = {isa = PBXFileReference; lastKnownFileType = image.png; name = 8.png; path = imgs_buscaminitas/8.png; sourceTree = SOURCE_ROOT; };
		8821931C29E8725200841026 /* 1.png */ = {isa = PBXFileReference; lastKnownFileType = image.png; name = 1.png; path = imgs_buscaminitas/1.png; sourceTree = SOURCE_ROOT; };
		8821931E29E8726200841026 /* explodedmine@3x.png */ = {isa = PBXFileReference; lastKnownFileType = image.png; name = "explodedmine@3x.png"; path = "imgs_buscaminitas/explodedmine@3x.png"; sourceTree = SOURCE_ROOT; };
		8821932029E8727000841026 /* mine.png */ = {isa = PBXFileReference; lastKnownFileType = image.png; name = mine.png; path = imgs_buscaminitas/mine.png; sourceTree = SOURCE_ROOT; };
		8821932229E8729500841026 /* flag.png */ = {isa = PBXFileReference; lastKnownFileType = image.png; name = flag.png; path = imgs_buscaminitas/flag.png; sourceTree = SOURCE_ROOT; };
		8821932329E8729500841026 /* flaggbuttontoggled.png */ = {isa = PBXFileReference; lastKnownFileType = image.png; name = flaggbuttontoggled.png; path = imgs_buscaminitas/flaggbuttontoggled.png; sourceTree = SOURCE_ROOT; };
		8821932429E8729500841026 /* flagbutton.png */ = {isa = PBXFileReference; lastKnownFileType = image.png; name = flagbutton.png; path = imgs_buscaminitas/flagbutton.png; sourceTree = SOURCE_ROOT; };
		8821932829E872A200841026 /* wrongflag.png */ = {isa = PBXFileReference; lastKnownFileType = image.png; name = wrongflag.png; path = imgs_buscaminitas/wrongflag.png; sourceTree = SOURCE_ROOT; };
		8821932A29E872D100841026 /* blank@2x.png */ = {isa = PBXFileReference; lastKnownFileType = image.png; name = "blank@2x.png"; path = "imgs_buscaminitas/blank@2x.png"; sourceTree = SOURCE_ROOT; };
		8836D7A829E8AC1A00668B39 /* SplashViewController.swift */ = {isa = PBXFileReference; lastKnownFileType = sourcecode.swift; path = SplashViewController.swift; sourceTree = "<group>"; };
		8836D7AA29E8ACE300668B39 /* MainViewController.swift */ = {isa = PBXFileReference; lastKnownFileType = sourcecode.swift; path = MainViewController.swift; sourceTree = "<group>"; };
		8836D7AC29E8B7EC00668B39 /* RecordsViewController.swift */ = {isa = PBXFileReference; lastKnownFileType = sourcecode.swift; path = RecordsViewController.swift; sourceTree = "<group>"; };
		8851C56329D6132400AD94EF /* BuscaminasV1.app */ = {isa = PBXFileReference; explicitFileType = wrapper.application; includeInIndex = 0; path = BuscaminasV1.app; sourceTree = BUILT_PRODUCTS_DIR; };
		8851C56629D6132400AD94EF /* AppDelegate.swift */ = {isa = PBXFileReference; lastKnownFileType = sourcecode.swift; path = AppDelegate.swift; sourceTree = "<group>"; };
		8851C56829D6132400AD94EF /* SceneDelegate.swift */ = {isa = PBXFileReference; lastKnownFileType = sourcecode.swift; path = SceneDelegate.swift; sourceTree = "<group>"; };
		8851C56A29D6132400AD94EF /* ViewController.swift */ = {isa = PBXFileReference; lastKnownFileType = sourcecode.swift; path = ViewController.swift; sourceTree = "<group>"; };
		8851C56D29D6132400AD94EF /* Base */ = {isa = PBXFileReference; lastKnownFileType = file.storyboard; name = Base; path = Base.lproj/Main.storyboard; sourceTree = "<group>"; };
		8851C56F29D6132400AD94EF /* Assets.xcassets */ = {isa = PBXFileReference; lastKnownFileType = folder.assetcatalog; path = Assets.xcassets; sourceTree = "<group>"; };
		8851C57229D6132400AD94EF /* Base */ = {isa = PBXFileReference; lastKnownFileType = file.storyboard; name = Base; path = Base.lproj/LaunchScreen.storyboard; sourceTree = "<group>"; };
		8851C57429D6132400AD94EF /* Info.plist */ = {isa = PBXFileReference; lastKnownFileType = text.plist.xml; path = Info.plist; sourceTree = "<group>"; };
		8851C57929D6132500AD94EF /* BuscaminasV1Tests.xctest */ = {isa = PBXFileReference; explicitFileType = wrapper.cfbundle; includeInIndex = 0; path = BuscaminasV1Tests.xctest; sourceTree = BUILT_PRODUCTS_DIR; };
		8851C57D29D6132500AD94EF /* BuscaminasV1Tests.swift */ = {isa = PBXFileReference; lastKnownFileType = sourcecode.swift; path = BuscaminasV1Tests.swift; sourceTree = "<group>"; };
		8851C58329D6132500AD94EF /* BuscaminasV1UITests.xctest */ = {isa = PBXFileReference; explicitFileType = wrapper.cfbundle; includeInIndex = 0; path = BuscaminasV1UITests.xctest; sourceTree = BUILT_PRODUCTS_DIR; };
		8851C58729D6132500AD94EF /* BuscaminasV1UITests.swift */ = {isa = PBXFileReference; lastKnownFileType = sourcecode.swift; path = BuscaminasV1UITests.swift; sourceTree = "<group>"; };
		8851C58929D6132500AD94EF /* BuscaminasV1UITestsLaunchTests.swift */ = {isa = PBXFileReference; lastKnownFileType = sourcecode.swift; path = BuscaminasV1UITestsLaunchTests.swift; sourceTree = "<group>"; };
		8851C59629D6136700AD94EF /* kisspng-microsoft-minesweeper-the-minesweeper-puzzle-video-mines-5abee056d64556.3968232815224587108777 (1).png */ = {isa = PBXFileReference; lastKnownFileType = image.png; path = "kisspng-microsoft-minesweeper-the-minesweeper-puzzle-video-mines-5abee056d64556.3968232815224587108777 (1).png"; sourceTree = "<group>"; };
		8851C59829D6155400AD94EF /* btnplay.png */ = {isa = PBXFileReference; lastKnownFileType = image.png; path = btnplay.png; sourceTree = "<group>"; };
		8851C59A29D615AD00AD94EF /* records.png */ = {isa = PBXFileReference; lastKnownFileType = image.png; path = records.png; sourceTree = "<group>"; };
		887D529129D778600067D26F /* Celdas.swift */ = {isa = PBXFileReference; lastKnownFileType = sourcecode.swift; path = Celdas.swift; sourceTree = "<group>"; };
		887D529329D7790B0067D26F /* Buscaminas.swift */ = {isa = PBXFileReference; lastKnownFileType = sourcecode.swift; path = Buscaminas.swift; sourceTree = "<group>"; };
		887D529729D780660067D26F /* BuscaminasCollectionViewCell.swift */ = {isa = PBXFileReference; lastKnownFileType = sourcecode.swift; path = BuscaminasCollectionViewCell.swift; sourceTree = "<group>"; };
		887E26EF29D7854B000BC93C /* cellover.png */ = {isa = PBXFileReference; lastKnownFileType = image.png; path = cellover.png; sourceTree = "<group>"; };
/* End PBXFileReference section */

/* Begin PBXFrameworksBuildPhase section */
		8851C56029D6132400AD94EF /* Frameworks */ = {
			isa = PBXFrameworksBuildPhase;
			buildActionMask = 2147483647;
			files = (
			);
			runOnlyForDeploymentPostprocessing = 0;
		};
		8851C57629D6132500AD94EF /* Frameworks */ = {
			isa = PBXFrameworksBuildPhase;
			buildActionMask = 2147483647;
			files = (
			);
			runOnlyForDeploymentPostprocessing = 0;
		};
		8851C58029D6132500AD94EF /* Frameworks */ = {
			isa = PBXFrameworksBuildPhase;
			buildActionMask = 2147483647;
			files = (
			);
			runOnlyForDeploymentPostprocessing = 0;
		};
/* End PBXFrameworksBuildPhase section */

/* Begin PBXGroup section */
		881C622E29E9B251001F5057 /* songs */ = {
			isa = PBXGroup;
			children = (
				881C623929E9B529001F5057 /* soundtrack.mp3 */,
				881C622F29E9B273001F5057 /* (8-Bit) Paradise City- Guns N' Roses.mp3 */,
			);
			path = songs;
			sourceTree = "<group>";
		};
		8821930C29E86FC400841026 /* minas */ = {
			isa = PBXGroup;
			children = (
				8821932029E8727000841026 /* mine.png */,
				8821931E29E8726200841026 /* explodedmine@3x.png */,
			);
			path = minas;
			sourceTree = "<group>";
		};
		8821930D29E8701400841026 /* numbers */ = {
			isa = PBXGroup;
			children = (
				8821931C29E8725200841026 /* 1.png */,
				8821931329E8721200841026 /* 2@2x.png */,
				8821930E29E8721200841026 /* 3@2x.png */,
				8821931229E8721200841026 /* 4@2x.png */,
				8821930F29E8721200841026 /* 5@2x.png */,
				8821931029E8721200841026 /* 6@2x.png */,
				8821931129E8721200841026 /* 7@2x.png */,
				8821931429E8721200841026 /* 8.png */,
			);
			path = numbers;
			sourceTree = "<group>";
		};
		8851C55A29D6132400AD94EF = {
			isa = PBXGroup;
			children = (
				8851C56529D6132400AD94EF /* BuscaminasV1 */,
				8851C57C29D6132500AD94EF /* BuscaminasV1Tests */,
				8851C58629D6132500AD94EF /* BuscaminasV1UITests */,
				8851C56429D6132400AD94EF /* Products */,
			);
			sourceTree = "<group>";
		};
		8851C56429D6132400AD94EF /* Products */ = {
			isa = PBXGroup;
			children = (
				8851C56329D6132400AD94EF /* BuscaminasV1.app */,
				8851C57929D6132500AD94EF /* BuscaminasV1Tests.xctest */,
				8851C58329D6132500AD94EF /* BuscaminasV1UITests.xctest */,
			);
			name = Products;
			sourceTree = "<group>";
		};
		8851C56529D6132400AD94EF /* BuscaminasV1 */ = {
			isa = PBXGroup;
			children = (
				8851C56629D6132400AD94EF /* AppDelegate.swift */,
				8851C56829D6132400AD94EF /* SceneDelegate.swift */,
				887D529129D778600067D26F /* Celdas.swift */,
				887D529329D7790B0067D26F /* Buscaminas.swift */,
				8851C56A29D6132400AD94EF /* ViewController.swift */,
				8836D7AA29E8ACE300668B39 /* MainViewController.swift */,
				8836D7AC29E8B7EC00668B39 /* RecordsViewController.swift */,
				8836D7A829E8AC1A00668B39 /* SplashViewController.swift */,
				887D529729D780660067D26F /* BuscaminasCollectionViewCell.swift */,
				881C622E29E9B251001F5057 /* songs */,
				8821930D29E8701400841026 /* numbers */,
				8821930C29E86FC400841026 /* minas */,
				887E26EC29D784F5000BC93C /* celdas */,
				887E26E429D78435000BC93C /* flags */,
				8851C56C29D6132400AD94EF /* Main.storyboard */,
				8851C56F29D6132400AD94EF /* Assets.xcassets */,
				8851C59A29D615AD00AD94EF /* records.png */,
				8851C59829D6155400AD94EF /* btnplay.png */,
				8851C59629D6136700AD94EF /* kisspng-microsoft-minesweeper-the-minesweeper-puzzle-video-mines-5abee056d64556.3968232815224587108777 (1).png */,
				8851C57129D6132400AD94EF /* LaunchScreen.storyboard */,
				8851C57429D6132400AD94EF /* Info.plist */,
			);
			path = BuscaminasV1;
			sourceTree = "<group>";
		};
		8851C57C29D6132500AD94EF /* BuscaminasV1Tests */ = {
			isa = PBXGroup;
			children = (
				8851C57D29D6132500AD94EF /* BuscaminasV1Tests.swift */,
			);
			path = BuscaminasV1Tests;
			sourceTree = "<group>";
		};
		8851C58629D6132500AD94EF /* BuscaminasV1UITests */ = {
			isa = PBXGroup;
			children = (
				8851C58729D6132500AD94EF /* BuscaminasV1UITests.swift */,
				8851C58929D6132500AD94EF /* BuscaminasV1UITestsLaunchTests.swift */,
			);
			path = BuscaminasV1UITests;
			sourceTree = "<group>";
		};
		887E26E429D78435000BC93C /* flags */ = {
			isa = PBXGroup;
			children = (
				8821932829E872A200841026 /* wrongflag.png */,
				8821932229E8729500841026 /* flag.png */,
				8821932429E8729500841026 /* flagbutton.png */,
				8821932329E8729500841026 /* flaggbuttontoggled.png */,
			);
			path = flags;
			sourceTree = "<group>";
		};
		887E26EC29D784F5000BC93C /* celdas */ = {
			isa = PBXGroup;
			children = (
				8821932A29E872D100841026 /* blank@2x.png */,
				887E26EF29D7854B000BC93C /* cellover.png */,
			);
			path = celdas;
			sourceTree = "<group>";
		};
/* End PBXGroup section */

/* Begin PBXNativeTarget section */
		8851C56229D6132400AD94EF /* BuscaminasV1 */ = {
			isa = PBXNativeTarget;
			buildConfigurationList = 8851C58D29D6132500AD94EF /* Build configuration list for PBXNativeTarget "BuscaminasV1" */;
			buildPhases = (
				8851C55F29D6132400AD94EF /* Sources */,
				8851C56029D6132400AD94EF /* Frameworks */,
				8851C56129D6132400AD94EF /* Resources */,
			);
			buildRules = (
			);
			dependencies = (
			);
			name = BuscaminasV1;
			productName = BuscaminasV1;
			productReference = 8851C56329D6132400AD94EF /* BuscaminasV1.app */;
			productType = "com.apple.product-type.application";
		};
		8851C57829D6132500AD94EF /* BuscaminasV1Tests */ = {
			isa = PBXNativeTarget;
			buildConfigurationList = 8851C59029D6132500AD94EF /* Build configuration list for PBXNativeTarget "BuscaminasV1Tests" */;
			buildPhases = (
				8851C57529D6132500AD94EF /* Sources */,
				8851C57629D6132500AD94EF /* Frameworks */,
				8851C57729D6132500AD94EF /* Resources */,
			);
			buildRules = (
			);
			dependencies = (
				8851C57B29D6132500AD94EF /* PBXTargetDependency */,
			);
			name = BuscaminasV1Tests;
			productName = BuscaminasV1Tests;
			productReference = 8851C57929D6132500AD94EF /* BuscaminasV1Tests.xctest */;
			productType = "com.apple.product-type.bundle.unit-test";
		};
		8851C58229D6132500AD94EF /* BuscaminasV1UITests */ = {
			isa = PBXNativeTarget;
			buildConfigurationList = 8851C59329D6132500AD94EF /* Build configuration list for PBXNativeTarget "BuscaminasV1UITests" */;
			buildPhases = (
				8851C57F29D6132500AD94EF /* Sources */,
				8851C58029D6132500AD94EF /* Frameworks */,
				8851C58129D6132500AD94EF /* Resources */,
			);
			buildRules = (
			);
			dependencies = (
				8851C58529D6132500AD94EF /* PBXTargetDependency */,
			);
			name = BuscaminasV1UITests;
			productName = BuscaminasV1UITests;
			productReference = 8851C58329D6132500AD94EF /* BuscaminasV1UITests.xctest */;
			productType = "com.apple.product-type.bundle.ui-testing";
		};
/* End PBXNativeTarget section */

/* Begin PBXProject section */
		8851C55B29D6132400AD94EF /* Project object */ = {
			isa = PBXProject;
			attributes = {
				BuildIndependentTargetsInParallel = 1;
				LastSwiftUpdateCheck = 1420;
				LastUpgradeCheck = 1420;
				TargetAttributes = {
					8851C56229D6132400AD94EF = {
						CreatedOnToolsVersion = 14.2;
					};
					8851C57829D6132500AD94EF = {
						CreatedOnToolsVersion = 14.2;
						TestTargetID = 8851C56229D6132400AD94EF;
					};
					8851C58229D6132500AD94EF = {
						CreatedOnToolsVersion = 14.2;
						TestTargetID = 8851C56229D6132400AD94EF;
					};
				};
			};
			buildConfigurationList = 8851C55E29D6132400AD94EF /* Build configuration list for PBXProject "BuscaminasV1" */;
			compatibilityVersion = "Xcode 14.0";
			developmentRegion = en;
			hasScannedForEncodings = 0;
			knownRegions = (
				en,
				Base,
			);
			mainGroup = 8851C55A29D6132400AD94EF;
			productRefGroup = 8851C56429D6132400AD94EF /* Products */;
			projectDirPath = "";
			projectRoot = "";
			targets = (
				8851C56229D6132400AD94EF /* BuscaminasV1 */,
				8851C57829D6132500AD94EF /* BuscaminasV1Tests */,
				8851C58229D6132500AD94EF /* BuscaminasV1UITests */,
			);
		};
/* End PBXProject section */

/* Begin PBXResourcesBuildPhase section */
		8851C56129D6132400AD94EF /* Resources */ = {
			isa = PBXResourcesBuildPhase;
			buildActionMask = 2147483647;
			files = (
				8821931629E8721200841026 /* 5@2x.png in Resources */,
				8821931529E8721200841026 /* 3@2x.png in Resources */,
				8821932629E8729500841026 /* flaggbuttontoggled.png in Resources */,
				8821932129E8727000841026 /* mine.png in Resources */,
				8851C59B29D615AD00AD94EF /* records.png in Resources */,
				8851C57329D6132400AD94EF /* LaunchScreen.storyboard in Resources */,
				8821931829E8721200841026 /* 7@2x.png in Resources */,
				8851C57029D6132400AD94EF /* Assets.xcassets in Resources */,
				8821931B29E8721200841026 /* 8.png in Resources */,
				8821932B29E872D100841026 /* blank@2x.png in Resources */,
				881C623729E9B529001F5057 /* soundtrack.mp3 in Resources */,
				881C623029E9B273001F5057 /* (8-Bit) Paradise City- Guns N' Roses.mp3 in Resources */,
				8821931A29E8721200841026 /* 2@2x.png in Resources */,
				887E26F029D7854B000BC93C /* cellover.png in Resources */,
				8821931D29E8725200841026 /* 1.png in Resources */,
				8821932529E8729500841026 /* flag.png in Resources */,
				8821932929E872A200841026 /* wrongflag.png in Resources */,
				8851C59929D6155400AD94EF /* btnplay.png in Resources */,
				8821931729E8721200841026 /* 6@2x.png in Resources */,
				8821931929E8721200841026 /* 4@2x.png in Resources */,
				8851C56E29D6132400AD94EF /* Main.storyboard in Resources */,
				8851C59729D6136700AD94EF /* kisspng-microsoft-minesweeper-the-minesweeper-puzzle-video-mines-5abee056d64556.3968232815224587108777 (1).png in Resources */,
				8821931F29E8726200841026 /* explodedmine@3x.png in Resources */,
				8821932729E8729500841026 /* flagbutton.png in Resources */,
			);
			runOnlyForDeploymentPostprocessing = 0;
		};
		8851C57729D6132500AD94EF /* Resources */ = {
			isa = PBXResourcesBuildPhase;
			buildActionMask = 2147483647;
			files = (
			);
			runOnlyForDeploymentPostprocessing = 0;
		};
		8851C58129D6132500AD94EF /* Resources */ = {
			isa = PBXResourcesBuildPhase;
			buildActionMask = 2147483647;
			files = (
			);
			runOnlyForDeploymentPostprocessing = 0;
		};
/* End PBXResourcesBuildPhase section */

/* Begin PBXSourcesBuildPhase section */
		8851C55F29D6132400AD94EF /* Sources */ = {
			isa = PBXSourcesBuildPhase;
			buildActionMask = 2147483647;
			files = (
				887D529829D780660067D26F /* BuscaminasCollectionViewCell.swift in Sources */,
				8851C56B29D6132400AD94EF /* ViewController.swift in Sources */,
				8836D7AD29E8B7EC00668B39 /* RecordsViewController.swift in Sources */,
				8851C56729D6132400AD94EF /* AppDelegate.swift in Sources */,
				887D529229D778600067D26F /* Celdas.swift in Sources */,
				8851C56929D6132400AD94EF /* SceneDelegate.swift in Sources */,
				8836D7A929E8AC1A00668B39 /* SplashViewController.swift in Sources */,
				887D529429D7790B0067D26F /* Buscaminas.swift in Sources */,
				8836D7AB29E8ACE300668B39 /* MainViewController.swift in Sources */,
			);
			runOnlyForDeploymentPostprocessing = 0;
		};
		8851C57529D6132500AD94EF /* Sources */ = {
			isa = PBXSourcesBuildPhase;
			buildActionMask = 2147483647;
			files = (
				8851C57E29D6132500AD94EF /* BuscaminasV1Tests.swift in Sources */,
			);
			runOnlyForDeploymentPostprocessing = 0;
		};
		8851C57F29D6132500AD94EF /* Sources */ = {
			isa = PBXSourcesBuildPhase;
			buildActionMask = 2147483647;
			files = (
				8851C58829D6132500AD94EF /* BuscaminasV1UITests.swift in Sources */,
				8851C58A29D6132500AD94EF /* BuscaminasV1UITestsLaunchTests.swift in Sources */,
			);
			runOnlyForDeploymentPostprocessing = 0;
		};
/* End PBXSourcesBuildPhase section */

/* Begin PBXTargetDependency section */
		8851C57B29D6132500AD94EF /* PBXTargetDependency */ = {
			isa = PBXTargetDependency;
			target = 8851C56229D6132400AD94EF /* BuscaminasV1 */;
			targetProxy = 8851C57A29D6132500AD94EF /* PBXContainerItemProxy */;
		};
		8851C58529D6132500AD94EF /* PBXTargetDependency */ = {
			isa = PBXTargetDependency;
			target = 8851C56229D6132400AD94EF /* BuscaminasV1 */;
			targetProxy = 8851C58429D6132500AD94EF /* PBXContainerItemProxy */;
		};
/* End PBXTargetDependency section */

/* Begin PBXVariantGroup section */
		881C623929E9B529001F5057 /* soundtrack.mp3 */ = {
			isa = PBXVariantGroup;
			children = (
				881C623829E9B529001F5057 /* Base */,
			);
			name = soundtrack.mp3;
			path = imgs_buscaminitas;
			sourceTree = SOURCE_ROOT;
		};
		8851C56C29D6132400AD94EF /* Main.storyboard */ = {
			isa = PBXVariantGroup;
			children = (
				8851C56D29D6132400AD94EF /* Base */,
			);
			name = Main.storyboard;
			sourceTree = "<group>";
		};
		8851C57129D6132400AD94EF /* LaunchScreen.storyboard */ = {
			isa = PBXVariantGroup;
			children = (
				8851C57229D6132400AD94EF /* Base */,
			);
			name = LaunchScreen.storyboard;
			sourceTree = "<group>";
		};
/* End PBXVariantGroup section */

/* Begin XCBuildConfiguration section */
		8851C58B29D6132500AD94EF /* Debug */ = {
			isa = XCBuildConfiguration;
			buildSettings = {
				ALWAYS_SEARCH_USER_PATHS = NO;
				CLANG_ANALYZER_NONNULL = YES;
				CLANG_ANALYZER_NUMBER_OBJECT_CONVERSION = YES_AGGRESSIVE;
				CLANG_CXX_LANGUAGE_STANDARD = "gnu++20";
				CLANG_ENABLE_MODULES = YES;
				CLANG_ENABLE_OBJC_ARC = YES;
				CLANG_ENABLE_OBJC_WEAK = YES;
				CLANG_WARN_BLOCK_CAPTURE_AUTORELEASING = YES;
				CLANG_WARN_BOOL_CONVERSION = YES;
				CLANG_WARN_COMMA = YES;
				CLANG_WARN_CONSTANT_CONVERSION = YES;
				CLANG_WARN_DEPRECATED_OBJC_IMPLEMENTATIONS = YES;
				CLANG_WARN_DIRECT_OBJC_ISA_USAGE = YES_ERROR;
				CLANG_WARN_DOCUMENTATION_COMMENTS = YES;
				CLANG_WARN_EMPTY_BODY = YES;
				CLANG_WARN_ENUM_CONVERSION = YES;
				CLANG_WARN_INFINITE_RECURSION = YES;
				CLANG_WARN_INT_CONVERSION = YES;
				CLANG_WARN_NON_LITERAL_NULL_CONVERSION = YES;
				CLANG_WARN_OBJC_IMPLICIT_RETAIN_SELF = YES;
				CLANG_WARN_OBJC_LITERAL_CONVERSION = YES;
				CLANG_WARN_OBJC_ROOT_CLASS = YES_ERROR;
				CLANG_WARN_QUOTED_INCLUDE_IN_FRAMEWORK_HEADER = YES;
				CLANG_WARN_RANGE_LOOP_ANALYSIS = YES;
				CLANG_WARN_STRICT_PROTOTYPES = YES;
				CLANG_WARN_SUSPICIOUS_MOVE = YES;
				CLANG_WARN_UNGUARDED_AVAILABILITY = YES_AGGRESSIVE;
				CLANG_WARN_UNREACHABLE_CODE = YES;
				CLANG_WARN__DUPLICATE_METHOD_MATCH = YES;
				COPY_PHASE_STRIP = NO;
				DEBUG_INFORMATION_FORMAT = dwarf;
				ENABLE_STRICT_OBJC_MSGSEND = YES;
				ENABLE_TESTABILITY = YES;
				GCC_C_LANGUAGE_STANDARD = gnu11;
				GCC_DYNAMIC_NO_PIC = NO;
				GCC_NO_COMMON_BLOCKS = YES;
				GCC_OPTIMIZATION_LEVEL = 0;
				GCC_PREPROCESSOR_DEFINITIONS = (
					"DEBUG=1",
					"$(inherited)",
				);
				GCC_WARN_64_TO_32_BIT_CONVERSION = YES;
				GCC_WARN_ABOUT_RETURN_TYPE = YES_ERROR;
				GCC_WARN_UNDECLARED_SELECTOR = YES;
				GCC_WARN_UNINITIALIZED_AUTOS = YES_AGGRESSIVE;
				GCC_WARN_UNUSED_FUNCTION = YES;
				GCC_WARN_UNUSED_VARIABLE = YES;
				IPHONEOS_DEPLOYMENT_TARGET = 16.2;
				MTL_ENABLE_DEBUG_INFO = INCLUDE_SOURCE;
				MTL_FAST_MATH = YES;
				ONLY_ACTIVE_ARCH = YES;
				SDKROOT = iphoneos;
				SWIFT_ACTIVE_COMPILATION_CONDITIONS = DEBUG;
				SWIFT_OPTIMIZATION_LEVEL = "-Onone";
			};
			name = Debug;
		};
		8851C58C29D6132500AD94EF /* Release */ = {
			isa = XCBuildConfiguration;
			buildSettings = {
				ALWAYS_SEARCH_USER_PATHS = NO;
				CLANG_ANALYZER_NONNULL = YES;
				CLANG_ANALYZER_NUMBER_OBJECT_CONVERSION = YES_AGGRESSIVE;
				CLANG_CXX_LANGUAGE_STANDARD = "gnu++20";
				CLANG_ENABLE_MODULES = YES;
				CLANG_ENABLE_OBJC_ARC = YES;
				CLANG_ENABLE_OBJC_WEAK = YES;
				CLANG_WARN_BLOCK_CAPTURE_AUTORELEASING = YES;
				CLANG_WARN_BOOL_CONVERSION = YES;
				CLANG_WARN_COMMA = YES;
				CLANG_WARN_CONSTANT_CONVERSION = YES;
				CLANG_WARN_DEPRECATED_OBJC_IMPLEMENTATIONS = YES;
				CLANG_WARN_DIRECT_OBJC_ISA_USAGE = YES_ERROR;
				CLANG_WARN_DOCUMENTATION_COMMENTS = YES;
				CLANG_WARN_EMPTY_BODY = YES;
				CLANG_WARN_ENUM_CONVERSION = YES;
				CLANG_WARN_INFINITE_RECURSION = YES;
				CLANG_WARN_INT_CONVERSION = YES;
				CLANG_WARN_NON_LITERAL_NULL_CONVERSION = YES;
				CLANG_WARN_OBJC_IMPLICIT_RETAIN_SELF = YES;
				CLANG_WARN_OBJC_LITERAL_CONVERSION = YES;
				CLANG_WARN_OBJC_ROOT_CLASS = YES_ERROR;
				CLANG_WARN_QUOTED_INCLUDE_IN_FRAMEWORK_HEADER = YES;
				CLANG_WARN_RANGE_LOOP_ANALYSIS = YES;
				CLANG_WARN_STRICT_PROTOTYPES = YES;
				CLANG_WARN_SUSPICIOUS_MOVE = YES;
				CLANG_WARN_UNGUARDED_AVAILABILITY = YES_AGGRESSIVE;
				CLANG_WARN_UNREACHABLE_CODE = YES;
				CLANG_WARN__DUPLICATE_METHOD_MATCH = YES;
				COPY_PHASE_STRIP = NO;
				DEBUG_INFORMATION_FORMAT = "dwarf-with-dsym";
				ENABLE_NS_ASSERTIONS = NO;
				ENABLE_STRICT_OBJC_MSGSEND = YES;
				GCC_C_LANGUAGE_STANDARD = gnu11;
				GCC_NO_COMMON_BLOCKS = YES;
				GCC_WARN_64_TO_32_BIT_CONVERSION = YES;
				GCC_WARN_ABOUT_RETURN_TYPE = YES_ERROR;
				GCC_WARN_UNDECLARED_SELECTOR = YES;
				GCC_WARN_UNINITIALIZED_AUTOS = YES_AGGRESSIVE;
				GCC_WARN_UNUSED_FUNCTION = YES;
				GCC_WARN_UNUSED_VARIABLE = YES;
				IPHONEOS_DEPLOYMENT_TARGET = 16.2;
				MTL_ENABLE_DEBUG_INFO = NO;
				MTL_FAST_MATH = YES;
				SDKROOT = iphoneos;
				SWIFT_COMPILATION_MODE = wholemodule;
				SWIFT_OPTIMIZATION_LEVEL = "-O";
				VALIDATE_PRODUCT = YES;
			};
			name = Release;
		};
		8851C58E29D6132500AD94EF /* Debug */ = {
			isa = XCBuildConfiguration;
			buildSettings = {
				ASSETCATALOG_COMPILER_APPICON_NAME = AppIcon;
				ASSETCATALOG_COMPILER_GLOBAL_ACCENT_COLOR_NAME = AccentColor;
				CODE_SIGN_STYLE = Automatic;
				CURRENT_PROJECT_VERSION = 1;
				GENERATE_INFOPLIST_FILE = YES;
				INFOPLIST_FILE = BuscaminasV1/Info.plist;
				INFOPLIST_KEY_UIApplicationSupportsIndirectInputEvents = YES;
				INFOPLIST_KEY_UILaunchStoryboardName = LaunchScreen;
				INFOPLIST_KEY_UIMainStoryboardFile = Main;
				INFOPLIST_KEY_UISupportedInterfaceOrientations_iPad = "UIInterfaceOrientationPortrait UIInterfaceOrientationPortraitUpsideDown UIInterfaceOrientationLandscapeLeft UIInterfaceOrientationLandscapeRight";
				INFOPLIST_KEY_UISupportedInterfaceOrientations_iPhone = "UIInterfaceOrientationPortrait UIInterfaceOrientationLandscapeLeft UIInterfaceOrientationLandscapeRight";
				IPHONEOS_DEPLOYMENT_TARGET = 13.0;
				LD_RUNPATH_SEARCH_PATHS = (
					"$(inherited)",
					"@executable_path/Frameworks",
				);
				MARKETING_VERSION = 1.0;
				PRODUCT_BUNDLE_IDENTIFIER = Pablo.BuscaminasV1;
				PRODUCT_NAME = "$(TARGET_NAME)";
				SWIFT_EMIT_LOC_STRINGS = YES;
				SWIFT_VERSION = 5.0;
				TARGETED_DEVICE_FAMILY = "1,2";
			};
			name = Debug;
		};
		8851C58F29D6132500AD94EF /* Release */ = {
			isa = XCBuildConfiguration;
			buildSettings = {
				ASSETCATALOG_COMPILER_APPICON_NAME = AppIcon;
				ASSETCATALOG_COMPILER_GLOBAL_ACCENT_COLOR_NAME = AccentColor;
				CODE_SIGN_STYLE = Automatic;
				CURRENT_PROJECT_VERSION = 1;
				GENERATE_INFOPLIST_FILE = YES;
				INFOPLIST_FILE = BuscaminasV1/Info.plist;
				INFOPLIST_KEY_UIApplicationSupportsIndirectInputEvents = YES;
				INFOPLIST_KEY_UILaunchStoryboardName = LaunchScreen;
				INFOPLIST_KEY_UIMainStoryboardFile = Main;
				INFOPLIST_KEY_UISupportedInterfaceOrientations_iPad = "UIInterfaceOrientationPortrait UIInterfaceOrientationPortraitUpsideDown UIInterfaceOrientationLandscapeLeft UIInterfaceOrientationLandscapeRight";
				INFOPLIST_KEY_UISupportedInterfaceOrientations_iPhone = "UIInterfaceOrientationPortrait UIInterfaceOrientationLandscapeLeft UIInterfaceOrientationLandscapeRight";
				IPHONEOS_DEPLOYMENT_TARGET = 13.0;
				LD_RUNPATH_SEARCH_PATHS = (
					"$(inherited)",
					"@executable_path/Frameworks",
				);
				MARKETING_VERSION = 1.0;
				PRODUCT_BUNDLE_IDENTIFIER = Pablo.BuscaminasV1;
				PRODUCT_NAME = "$(TARGET_NAME)";
				SWIFT_EMIT_LOC_STRINGS = YES;
				SWIFT_VERSION = 5.0;
				TARGETED_DEVICE_FAMILY = "1,2";
			};
			name = Release;
		};
		8851C59129D6132500AD94EF /* Debug */ = {
			isa = XCBuildConfiguration;
			buildSettings = {
				ALWAYS_EMBED_SWIFT_STANDARD_LIBRARIES = YES;
				BUNDLE_LOADER = "$(TEST_HOST)";
				CODE_SIGN_STYLE = Automatic;
				CURRENT_PROJECT_VERSION = 1;
				GENERATE_INFOPLIST_FILE = YES;
				IPHONEOS_DEPLOYMENT_TARGET = 16.2;
				MARKETING_VERSION = 1.0;
				PRODUCT_BUNDLE_IDENTIFIER = Pablo.BuscaminasV1Tests;
				PRODUCT_NAME = "$(TARGET_NAME)";
				SWIFT_EMIT_LOC_STRINGS = NO;
				SWIFT_VERSION = 5.0;
				TARGETED_DEVICE_FAMILY = "1,2";
				TEST_HOST = "$(BUILT_PRODUCTS_DIR)/BuscaminasV1.app/$(BUNDLE_EXECUTABLE_FOLDER_PATH)/BuscaminasV1";
			};
			name = Debug;
		};
		8851C59229D6132500AD94EF /* Release */ = {
			isa = XCBuildConfiguration;
			buildSettings = {
				ALWAYS_EMBED_SWIFT_STANDARD_LIBRARIES = YES;
				BUNDLE_LOADER = "$(TEST_HOST)";
				CODE_SIGN_STYLE = Automatic;
				CURRENT_PROJECT_VERSION = 1;
				GENERATE_INFOPLIST_FILE = YES;
				IPHONEOS_DEPLOYMENT_TARGET = 16.2;
				MARKETING_VERSION = 1.0;
				PRODUCT_BUNDLE_IDENTIFIER = Pablo.BuscaminasV1Tests;
				PRODUCT_NAME = "$(TARGET_NAME)";
				SWIFT_EMIT_LOC_STRINGS = NO;
				SWIFT_VERSION = 5.0;
				TARGETED_DEVICE_FAMILY = "1,2";
				TEST_HOST = "$(BUILT_PRODUCTS_DIR)/BuscaminasV1.app/$(BUNDLE_EXECUTABLE_FOLDER_PATH)/BuscaminasV1";
			};
			name = Release;
		};
		8851C59429D6132500AD94EF /* Debug */ = {
			isa = XCBuildConfiguration;
			buildSettings = {
				ALWAYS_EMBED_SWIFT_STANDARD_LIBRARIES = YES;
				CODE_SIGN_STYLE = Automatic;
				CURRENT_PROJECT_VERSION = 1;
				GENERATE_INFOPLIST_FILE = YES;
				MARKETING_VERSION = 1.0;
				PRODUCT_BUNDLE_IDENTIFIER = Pablo.BuscaminasV1UITests;
				PRODUCT_NAME = "$(TARGET_NAME)";
				SWIFT_EMIT_LOC_STRINGS = NO;
				SWIFT_VERSION = 5.0;
				TARGETED_DEVICE_FAMILY = "1,2";
				TEST_TARGET_NAME = BuscaminasV1;
			};
			name = Debug;
		};
		8851C59529D6132500AD94EF /* Release */ = {
			isa = XCBuildConfiguration;
			buildSettings = {
				ALWAYS_EMBED_SWIFT_STANDARD_LIBRARIES = YES;
				CODE_SIGN_STYLE = Automatic;
				CURRENT_PROJECT_VERSION = 1;
				GENERATE_INFOPLIST_FILE = YES;
				MARKETING_VERSION = 1.0;
				PRODUCT_BUNDLE_IDENTIFIER = Pablo.BuscaminasV1UITests;
				PRODUCT_NAME = "$(TARGET_NAME)";
				SWIFT_EMIT_LOC_STRINGS = NO;
				SWIFT_VERSION = 5.0;
				TARGETED_DEVICE_FAMILY = "1,2";
				TEST_TARGET_NAME = BuscaminasV1;
			};
			name = Release;
		};
/* End XCBuildConfiguration section */

/* Begin XCConfigurationList section */
		8851C55E29D6132400AD94EF /* Build configuration list for PBXProject "BuscaminasV1" */ = {
			isa = XCConfigurationList;
			buildConfigurations = (
				8851C58B29D6132500AD94EF /* Debug */,
				8851C58C29D6132500AD94EF /* Release */,
			);
			defaultConfigurationIsVisible = 0;
			defaultConfigurationName = Release;
		};
		8851C58D29D6132500AD94EF /* Build configuration list for PBXNativeTarget "BuscaminasV1" */ = {
			isa = XCConfigurationList;
			buildConfigurations = (
				8851C58E29D6132500AD94EF /* Debug */,
				8851C58F29D6132500AD94EF /* Release */,
			);
			defaultConfigurationIsVisible = 0;
			defaultConfigurationName = Release;
		};
		8851C59029D6132500AD94EF /* Build configuration list for PBXNativeTarget "BuscaminasV1Tests" */ = {
			isa = XCConfigurationList;
			buildConfigurations = (
				8851C59129D6132500AD94EF /* Debug */,
				8851C59229D6132500AD94EF /* Release */,
			);
			defaultConfigurationIsVisible = 0;
			defaultConfigurationName = Release;
		};
		8851C59329D6132500AD94EF /* Build configuration list for PBXNativeTarget "BuscaminasV1UITests" */ = {
			isa = XCConfigurationList;
			buildConfigurations = (
				8851C59429D6132500AD94EF /* Debug */,
				8851C59529D6132500AD94EF /* Release */,
			);
			defaultConfigurationIsVisible = 0;
			defaultConfigurationName = Release;
		};
/* End XCConfigurationList section */
	};
	rootObject = 8851C55B29D6132400AD94EF /* Project object */;
}
